// !$*UTF8*$!
{
	archiveVersion = 1;
	classes = {
	};
	objectVersion = 50;
	objects = {

/* Begin PBXBuildFile section */
		D33DBA92212377FC005B7C6B /* AppDelegate.swift in Sources */ = {isa = PBXBuildFile; fileRef = D33DBA91212377FC005B7C6B /* AppDelegate.swift */; };
		D33DBA94212377FC005B7C6B /* TodoListVIewController.swift in Sources */ = {isa = PBXBuildFile; fileRef = D33DBA93212377FC005B7C6B /* TodoListVIewController.swift */; };
		D33DBA97212377FC005B7C6B /* Main.storyboard in Resources */ = {isa = PBXBuildFile; fileRef = D33DBA95212377FC005B7C6B /* Main.storyboard */; };
		D33DBA99212377FF005B7C6B /* Assets.xcassets in Resources */ = {isa = PBXBuildFile; fileRef = D33DBA98212377FF005B7C6B /* Assets.xcassets */; };
		D33DBA9C212377FF005B7C6B /* LaunchScreen.storyboard in Resources */ = {isa = PBXBuildFile; fileRef = D33DBA9A212377FF005B7C6B /* LaunchScreen.storyboard */; };
		D33DBAAB2126FAC8005B7C6B /* DataModel.xcdatamodeld in Sources */ = {isa = PBXBuildFile; fileRef = D33DBAA92126FAC8005B7C6B /* DataModel.xcdatamodeld */; };
		D33DBACE21273737005B7C6B /* CategoryViewController.swift in Sources */ = {isa = PBXBuildFile; fileRef = D33DBACD21273737005B7C6B /* CategoryViewController.swift */; };
/* End PBXBuildFile section */

/* Begin PBXFileReference section */
		D33DBA8E212377FC005B7C6B /* Todoey.app */ = {isa = PBXFileReference; explicitFileType = wrapper.application; includeInIndex = 0; path = Todoey.app; sourceTree = BUILT_PRODUCTS_DIR; };
		D33DBA91212377FC005B7C6B /* AppDelegate.swift */ = {isa = PBXFileReference; lastKnownFileType = sourcecode.swift; path = AppDelegate.swift; sourceTree = "<group>"; };
		D33DBA93212377FC005B7C6B /* TodoListVIewController.swift */ = {isa = PBXFileReference; lastKnownFileType = sourcecode.swift; path = TodoListVIewController.swift; sourceTree = "<group>"; };
		D33DBA96212377FC005B7C6B /* Base */ = {isa = PBXFileReference; lastKnownFileType = file.storyboard; name = Base; path = Base.lproj/Main.storyboard; sourceTree = "<group>"; };
		D33DBA98212377FF005B7C6B /* Assets.xcassets */ = {isa = PBXFileReference; lastKnownFileType = folder.assetcatalog; path = Assets.xcassets; sourceTree = "<group>"; };
		D33DBA9B212377FF005B7C6B /* Base */ = {isa = PBXFileReference; lastKnownFileType = file.storyboard; name = Base; path = Base.lproj/LaunchScreen.storyboard; sourceTree = "<group>"; };
		D33DBA9D212377FF005B7C6B /* Info.plist */ = {isa = PBXFileReference; lastKnownFileType = text.plist.xml; path = Info.plist; sourceTree = "<group>"; };
		D33DBAAA2126FAC8005B7C6B /* DataModel.xcdatamodel */ = {isa = PBXFileReference; lastKnownFileType = wrapper.xcdatamodel; path = DataModel.xcdatamodel; sourceTree = "<group>"; };
		D33DBACD21273737005B7C6B /* CategoryViewController.swift */ = {isa = PBXFileReference; lastKnownFileType = sourcecode.swift; path = CategoryViewController.swift; sourceTree = "<group>"; };
/* End PBXFileReference section */

/* Begin PBXFrameworksBuildPhase section */
		D33DBA8B212377FC005B7C6B /* Frameworks */ = {
			isa = PBXFrameworksBuildPhase;
			buildActionMask = 2147483647;
			files = (
			);
			runOnlyForDeploymentPostprocessing = 0;
		};
/* End PBXFrameworksBuildPhase section */

/* Begin PBXGroup section */
		D33DBA85212377FB005B7C6B = {
			isa = PBXGroup;
			children = (
				D33DBA90212377FC005B7C6B /* Todoey */,
				D33DBA8F212377FC005B7C6B /* Products */,
			);
			sourceTree = "<group>";
		};
		D33DBA8F212377FC005B7C6B /* Products */ = {
			isa = PBXGroup;
			children = (
				D33DBA8E212377FC005B7C6B /* Todoey.app */,
			);
			name = Products;
			sourceTree = "<group>";
		};
		D33DBA90212377FC005B7C6B /* Todoey */ = {
			isa = PBXGroup;
			children = (
				D33DBA91212377FC005B7C6B /* AppDelegate.swift */,
				D33DBAA621263153005B7C6B /* Controllers */,
				D33DBAA521263134005B7C6B /* Data Model */,
				D33DBAA721263162005B7C6B /* View */,
				D33DBAA821263178005B7C6B /* Supporting Files */,
				D33DBA9D212377FF005B7C6B /* Info.plist */,
			);
			path = Todoey;
			sourceTree = "<group>";
		};
		D33DBAA521263134005B7C6B /* Data Model */ = {
			isa = PBXGroup;
			children = (
				D33DBAA92126FAC8005B7C6B /* DataModel.xcdatamodeld */,
			);
			path = "Data Model";
			sourceTree = "<group>";
		};
		D33DBAA621263153005B7C6B /* Controllers */ = {
			isa = PBXGroup;
			children = (
				D33DBACD21273737005B7C6B /* CategoryViewController.swift */,
				D33DBA93212377FC005B7C6B /* TodoListVIewController.swift */,
			);
			path = Controllers;
			sourceTree = "<group>";
		};
		D33DBAA721263162005B7C6B /* View */ = {
			isa = PBXGroup;
			children = (
				D33DBA95212377FC005B7C6B /* Main.storyboard */,
			);
			path = View;
			sourceTree = "<group>";
		};
		D33DBAA821263178005B7C6B /* Supporting Files */ = {
			isa = PBXGroup;
			children = (
				D33DBA98212377FF005B7C6B /* Assets.xcassets */,
				D33DBA9A212377FF005B7C6B /* LaunchScreen.storyboard */,
			);
			path = "Supporting Files";
			sourceTree = "<group>";
		};
/* End PBXGroup section */

/* Begin PBXNativeTarget section */
		D33DBA8D212377FC005B7C6B /* Todoey */ = {
			isa = PBXNativeTarget;
			buildConfigurationList = D33DBAA0212377FF005B7C6B /* Build configuration list for PBXNativeTarget "Todoey" */;
			buildPhases = (
				D33DBA8A212377FC005B7C6B /* Sources */,
				D33DBA8B212377FC005B7C6B /* Frameworks */,
				D33DBA8C212377FC005B7C6B /* Resources */,
			);
			buildRules = (
			);
			dependencies = (
			);
			name = Todoey;
			productName = Todoey;
			productReference = D33DBA8E212377FC005B7C6B /* Todoey.app */;
			productType = "com.apple.product-type.application";
		};
/* End PBXNativeTarget section */

/* Begin PBXProject section */
		D33DBA86212377FC005B7C6B /* Project object */ = {
			isa = PBXProject;
			attributes = {
				LastSwiftUpdateCheck = 0940;
				LastUpgradeCheck = 0940;
				ORGANIZATIONNAME = "Matan Huja";
				TargetAttributes = {
					D33DBA8D212377FC005B7C6B = {
						CreatedOnToolsVersion = 9.4.1;
					};
				};
			};
			buildConfigurationList = D33DBA89212377FC005B7C6B /* Build configuration list for PBXProject "Todoey" */;
			compatibilityVersion = "Xcode 9.3";
			developmentRegion = en;
			hasScannedForEncodings = 0;
			knownRegions = (
				en,
				Base,
			);
			mainGroup = D33DBA85212377FB005B7C6B;
			productRefGroup = D33DBA8F212377FC005B7C6B /* Products */;
			projectDirPath = "";
			projectRoot = "";
			targets = (
				D33DBA8D212377FC005B7C6B /* Todoey */,
			);
		};
/* End PBXProject section */

/* Begin PBXResourcesBuildPhase section */
		D33DBA8C212377FC005B7C6B /* Resources */ = {
			isa = PBXResourcesBuildPhase;
			buildActionMask = 2147483647;
			files = (
				D33DBA9C212377FF005B7C6B /* LaunchScreen.storyboard in Resources */,
				D33DBA99212377FF005B7C6B /* Assets.xcassets in Resources */,
				D33DBA97212377FC005B7C6B /* Main.storyboard in Resources */,
			);
			runOnlyForDeploymentPostprocessing = 0;
		};
/* End PBXResourcesBuildPhase section */

/* Begin PBXSourcesBuildPhase section */
		D33DBA8A212377FC005B7C6B /* Sources */ = {
			isa = PBXSourcesBuildPhase;
			buildActionMask = 2147483647;
			files = (
				D33DBACE21273737005B7C6B /* CategoryViewController.swift in Sources */,
				D33DBA94212377FC005B7C6B /* TodoListVIewController.swift in Sources */,
				D33DBAAB2126FAC8005B7C6B /* DataModel.xcdatamodeld in Sources */,
				D33DBA92212377FC005B7C6B /* AppDelegate.swift in Sources */,
			);
			runOnlyForDeploymentPostprocessing = 0;
		};
/* End PBXSourcesBuildPhase section */

/* Begin PBXVariantGroup section */
		D33DBA95212377FC005B7C6B /* Main.storyboard */ = {
			isa = PBXVariantGroup;
			children = (
				D33DBA96212377FC005B7C6B /* Base */,
			);
			name = Main.storyboard;
			sourceTree = "<group>";
		};
		D33DBA9A212377FF005B7C6B /* LaunchScreen.storyboard */ = {
			isa = PBXVariantGroup;
			children = (
				D33DBA9B212377FF005B7C6B /* Base */,
			);
			name = LaunchScreen.storyboard;
			sourceTree = "<group>";
		};
/* End PBXVariantGroup section */

/* Begin XCBuildConfiguration section */
		D33DBA9E212377FF005B7C6B /* Debug */ = {
			isa = XCBuildConfiguration;
			buildSettings = {
				ALWAYS_SEARCH_USER_PATHS = NO;
				CLANG_ANALYZER_NONNULL = YES;
				CLANG_ANALYZER_NUMBER_OBJECT_CONVERSION = YES_AGGRESSIVE;
				CLANG_CXX_LANGUAGE_STANDARD = "gnu++14";
				CLANG_CXX_LIBRARY = "libc++";
				CLANG_ENABLE_MODULES = YES;
				CLANG_ENABLE_OBJC_ARC = YES;
				CLANG_ENABLE_OBJC_WEAK = YES;
				CLANG_WARN_BLOCK_CAPTURE_AUTORELEASING = YES;
				CLANG_WARN_BOOL_CONVERSION = YES;
				CLANG_WARN_COMMA = YES;
				CLANG_WARN_CONSTANT_CONVERSION = YES;
				CLANG_WARN_DEPRECATED_OBJC_IMPLEMENTATIONS = YES;
				CLANG_WARN_DIRECT_OBJC_ISA_USAGE = YES_ERROR;
				CLANG_WARN_DOCUMENTATION_COMMENTS = YES;
				CLANG_WARN_EMPTY_BODY = YES;
				CLANG_WARN_ENUM_CONVERSION = YES;
				CLANG_WARN_INFINITE_RECURSION = YES;
				CLANG_WARN_INT_CONVERSION = YES;
				CLANG_WARN_NON_LITERAL_NULL_CONVERSION = YES;
				CLANG_WARN_OBJC_IMPLICIT_RETAIN_SELF = YES;
				CLANG_WARN_OBJC_LITERAL_CONVERSION = YES;
				CLANG_WARN_OBJC_ROOT_CLASS = YES_ERROR;
				CLANG_WARN_RANGE_LOOP_ANALYSIS = YES;
				CLANG_WARN_STRICT_PROTOTYPES = YES;
				CLANG_WARN_SUSPICIOUS_MOVE = YES;
				CLANG_WARN_UNGUARDED_AVAILABILITY = YES_AGGRESSIVE;
				CLANG_WARN_UNREACHABLE_CODE = YES;
				CLANG_WARN__DUPLICATE_METHOD_MATCH = YES;
				CODE_SIGN_IDENTITY = "iPhone Developer";
				COPY_PHASE_STRIP = NO;
				DEBUG_INFORMATION_FORMAT = dwarf;
				ENABLE_STRICT_OBJC_MSGSEND = YES;
				ENABLE_TESTABILITY = YES;
				GCC_C_LANGUAGE_STANDARD = gnu11;
				GCC_DYNAMIC_NO_PIC = NO;
				GCC_NO_COMMON_BLOCKS = YES;
				GCC_OPTIMIZATION_LEVEL = 0;
				GCC_PREPROCESSOR_DEFINITIONS = (
					"DEBUG=1",
					"$(inherited)",
				);
				GCC_WARN_64_TO_32_BIT_CONVERSION = YES;
				GCC_WARN_ABOUT_RETURN_TYPE = YES_ERROR;
				GCC_WARN_UNDECLARED_SELECTOR = YES;
				GCC_WARN_UNINITIALIZED_AUTOS = YES_AGGRESSIVE;
				GCC_WARN_UNUSED_FUNCTION = YES;
				GCC_WARN_UNUSED_VARIABLE = YES;
				IPHONEOS_DEPLOYMENT_TARGET = 11.4;
				MTL_ENABLE_DEBUG_INFO = YES;
				ONLY_ACTIVE_ARCH = YES;
				SDKROOT = iphoneos;
				SWIFT_ACTIVE_COMPILATION_CONDITIONS = DEBUG;
				SWIFT_OPTIMIZATION_LEVEL = "-Onone";
			};
			name = Debug;
		};
		D33DBA9F212377FF005B7C6B /* Release */ = {
			isa = XCBuildConfiguration;
			buildSettings = {
				ALWAYS_SEARCH_USER_PATHS = NO;
				CLANG_ANALYZER_NONNULL = YES;
				CLANG_ANALYZER_NUMBER_OBJECT_CONVERSION = YES_AGGRESSIVE;
				CLANG_CXX_LANGUAGE_STANDARD = "gnu++14";
				CLANG_CXX_LIBRARY = "libc++";
				CLANG_ENABLE_MODULES = YES;
				CLANG_ENABLE_OBJC_ARC = YES;
				CLANG_ENABLE_OBJC_WEAK = YES;
				CLANG_WARN_BLOCK_CAPTURE_AUTORELEASING = YES;
				CLANG_WARN_BOOL_CONVERSION = YES;
				CLANG_WARN_COMMA = YES;
				CLANG_WARN_CONSTANT_CONVERSION = YES;
				CLANG_WARN_DEPRECATED_OBJC_IMPLEMENTATIONS = YES;
				CLANG_WARN_DIRECT_OBJC_ISA_USAGE = YES_ERROR;
				CLANG_WARN_DOCUMENTATION_COMMENTS = YES;
				CLANG_WARN_EMPTY_BODY = YES;
				CLANG_WARN_ENUM_CONVERSION = YES;
				CLANG_WARN_INFINITE_RECURSION = YES;
				CLANG_WARN_INT_CONVERSION = YES;
				CLANG_WARN_NON_LITERAL_NULL_CONVERSION = YES;
				CLANG_WARN_OBJC_IMPLICIT_RETAIN_SELF = YES;
				CLANG_WARN_OBJC_LITERAL_CONVERSION = YES;
				CLANG_WARN_OBJC_ROOT_CLASS = YES_ERROR;
				CLANG_WARN_RANGE_LOOP_ANALYSIS = YES;
				CLANG_WARN_STRICT_PROTOTYPES = YES;
				CLANG_WARN_SUSPICIOUS_MOVE = YES;
				CLANG_WARN_UNGUARDED_AVAILABILITY = YES_AGGRESSIVE;
				CLANG_WARN_UNREACHABLE_CODE = YES;
				CLANG_WARN__DUPLICATE_METHOD_MATCH = YES;
				CODE_SIGN_IDENTITY = "iPhone Developer";
				COPY_PHASE_STRIP = NO;
				DEBUG_INFORMATION_FORMAT = "dwarf-with-dsym";
				ENABLE_NS_ASSERTIONS = NO;
				ENABLE_STRICT_OBJC_MSGSEND = YES;
				GCC_C_LANGUAGE_STANDARD = gnu11;
				GCC_NO_COMMON_BLOCKS = YES;
				GCC_WARN_64_TO_32_BIT_CONVERSION = YES;
				GCC_WARN_ABOUT_RETURN_TYPE = YES_ERROR;
				GCC_WARN_UNDECLARED_SELECTOR = YES;
				GCC_WARN_UNINITIALIZED_AUTOS = YES_AGGRESSIVE;
				GCC_WARN_UNUSED_FUNCTION = YES;
				GCC_WARN_UNUSED_VARIABLE = YES;
				IPHONEOS_DEPLOYMENT_TARGET = 11.4;
				MTL_ENABLE_DEBUG_INFO = NO;
				SDKROOT = iphoneos;
				SWIFT_COMPILATION_MODE = wholemodule;
				SWIFT_OPTIMIZATION_LEVEL = "-O";
				VALIDATE_PRODUCT = YES;
			};
			name = Release;
		};
		D33DBAA1212377FF005B7C6B /* Debug */ = {
			isa = XCBuildConfiguration;
			buildSettings = {
				ASSETCATALOG_COMPILER_APPICON_NAME = AppIcon;
				CODE_SIGN_STYLE = Automatic;
				DEVELOPMENT_TEAM = UFFJM4YSCU;
				INFOPLIST_FILE = Todoey/Info.plist;
				LD_RUNPATH_SEARCH_PATHS = (
					"$(inherited)",
					"@executable_path/Frameworks",
				);
				PRODUCT_BUNDLE_IDENTIFIER = com.MatanHuja.Todoey;
				PRODUCT_NAME = "$(TARGET_NAME)";
				SWIFT_VERSION = 4.0;
				TARGETED_DEVICE_FAMILY = "1,2";
			};
			name = Debug;
		};
		D33DBAA2212377FF005B7C6B /* Release */ = {
			isa = XCBuildConfiguration;
			buildSettings = {
				ASSETCATALOG_COMPILER_APPICON_NAME = AppIcon;
				CODE_SIGN_STYLE = Automatic;
				DEVELOPMENT_TEAM = UFFJM4YSCU;
				INFOPLIST_FILE = Todoey/Info.plist;
				LD_RUNPATH_SEARCH_PATHS = (
					"$(inherited)",
					"@executable_path/Frameworks",
				);
				PRODUCT_BUNDLE_IDENTIFIER = com.MatanHuja.Todoey;
				PRODUCT_NAME = "$(TARGET_NAME)";
				SWIFT_VERSION = 4.0;
				TARGETED_DEVICE_FAMILY = "1,2";
			};
			name = Release;
		};
/* End XCBuildConfiguration section */

/* Begin XCConfigurationList section */
		D33DBA89212377FC005B7C6B /* Build configuration list for PBXProject "Todoey" */ = {
			isa = XCConfigurationList;
			buildConfigurations = (
				D33DBA9E212377FF005B7C6B /* Debug */,
				D33DBA9F212377FF005B7C6B /* Release */,
			);
			defaultConfigurationIsVisible = 0;
			defaultConfigurationName = Release;
		};
		D33DBAA0212377FF005B7C6B /* Build configuration list for PBXNativeTarget "Todoey" */ = {
			isa = XCConfigurationList;
			buildConfigurations = (
				D33DBAA1212377FF005B7C6B /* Debug */,
				D33DBAA2212377FF005B7C6B /* Release */,
			);
			defaultConfigurationIsVisible = 0;
			defaultConfigurationName = Release;
		};
/* End XCConfigurationList section */

/* Begin XCVersionGroup section */
		D33DBAA92126FAC8005B7C6B /* DataModel.xcdatamodeld */ = {
			isa = XCVersionGroup;
			children = (
				D33DBAAA2126FAC8005B7C6B /* DataModel.xcdatamodel */,
			);
			currentVersion = D33DBAAA2126FAC8005B7C6B /* DataModel.xcdatamodel */;
			path = DataModel.xcdatamodeld;
			sourceTree = "<group>";
			versionGroupType = wrapper.xcdatamodel;
		};
/* End XCVersionGroup section */
	};
	rootObject = D33DBA86212377FC005B7C6B /* Project object */;
}
